
Microsoft Visual Studio Solution File, Format Version 12.00
# Visual Studio Version 17
VisualStudioVersion = 17.10.34928.147
MinimumVisualStudioVersion = 10.0.40219.1
Project("{FAE04EC0-301F-11D3-BF4B-00C04F79EFBC}") = "maui-simple-text-editor", "maui-simple-text-editor\maui-simple-text-editor.csproj", "{6A1AC71C-17E2-4349-BB37-3A5A44CA05A8}"
EndProject
Global
	GlobalSection(SolutionConfigurationPlatforms) = preSolution
		Debug|Any CPU = Debug|Any CPU
		Release|Any CPU = Release|Any CPU
	EndGlobalSection
	GlobalSection(ProjectConfigurationPlatforms) = postSolution
		{6A1AC71C-17E2-4349-BB37-3A5A44CA05A8}.Debug|Any CPU.ActiveCfg = Debug|Any CPU
		{6A1AC71C-17E2-4349-BB37-3A5A44CA05A8}.Debug|Any CPU.Build.0 = Debug|Any CPU
		{6A1AC71C-17E2-4349-BB37-3A5A44CA05A8}.Debug|Any CPU.Deploy.0 = Debug|Any CPU
		{6A1AC71C-17E2-4349-BB37-3A5A44CA05A8}.Release|Any CPU.ActiveCfg = Release|Any CPU
		{6A1AC71C-17E2-4349-BB37-3A5A44CA05A8}.Release|Any CPU.Build.0 = Release|Any CPU
		{6A1AC71C-17E2-4349-BB37-3A5A44CA05A8}.Release|Any CPU.Deploy.0 = Release|Any CPU
	EndGlobalSection
	GlobalSection(SolutionProperties) = preSolution
		HideSolutionNode = FALSE
	EndGlobalSection
	GlobalSection(ExtensibilityGlobals) = postSolution
		SolutionGuid = {E66DCC15-04B6-4880-8BB1-718BAD9EE470}
	EndGlobalSection
EndGlobal
